
Microsoft Visual Studio Solution File, Format Version 12.00
# Visual Studio Version 16
VisualStudioVersion = 16.0.30011.22
MinimumVisualStudioVersion = 10.0.40219.1
Project("{FAE04EC0-301F-11D3-BF4B-00C04F79EFBC}") = "LapTrinhCanBan20220418", "LapTrinhCanBan20220418\LapTrinhCanBan20220418.csproj", "{0471A2BE-2291-40D4-8FAA-D7D193057339}"
EndProject
Project("{9A19103F-16F7-4668-BE54-9A1E7A4F7556}") = "NhapDuLieuTuBanPhim", "NhapDuLieuTuBanPhim\NhapDuLieuTuBanPhim.csproj", "{C8F356B4-FFA1-43BB-AA8F-4914E6780B04}"
EndProject
Project("{9A19103F-16F7-4668-BE54-9A1E7A4F7556}") = "SuDungLenhIF", "SuDungLenhIF\SuDungLenhIF.csproj", "{59B20812-1F83-40D9-BBEE-C6F1BDC1D1AC}"
EndProject
Project("{9A19103F-16F7-4668-BE54-9A1E7A4F7556}") = "GiaiPhuongTrinhBac1", "GiaiPhuongTrinhBac1\GiaiPhuongTrinhBac1.csproj", "{4D7EF61B-DC7B-4B1E-8D49-B23CA38ECA0D}"
EndProject
Project("{FAE04EC0-301F-11D3-BF4B-00C04F79EFBC}") = "PhuongTrinhBac2", "PhuongTrinhBac2\PhuongTrinhBac2.csproj", "{90504C41-80AB-4BAA-93FE-E04E3C1F938A}"
EndProject
Project("{FAE04EC0-301F-11D3-BF4B-00C04F79EFBC}") = "ThangDiemDanhGia", "ThangDiemDanhGia\ThangDiemDanhGia.csproj", "{AE579161-BD6C-4393-A675-FE581185A6E7}"
EndProject
Project("{FAE04EC0-301F-11D3-BF4B-00C04F79EFBC}") = "TinhNgayTheoThang", "TinhNgayTheoThang\TinhNgayTheoThang.csproj", "{4B495B5C-980D-496D-B3CD-6AA95AFF4E6E}"
EndProject
Global
	GlobalSection(SolutionConfigurationPlatforms) = preSolution
		Debug|Any CPU = Debug|Any CPU
		Release|Any CPU = Release|Any CPU
	EndGlobalSection
	GlobalSection(ProjectConfigurationPlatforms) = postSolution
		{0471A2BE-2291-40D4-8FAA-D7D193057339}.Debug|Any CPU.ActiveCfg = Debug|Any CPU
		{0471A2BE-2291-40D4-8FAA-D7D193057339}.Debug|Any CPU.Build.0 = Debug|Any CPU
		{0471A2BE-2291-40D4-8FAA-D7D193057339}.Release|Any CPU.ActiveCfg = Release|Any CPU
		{0471A2BE-2291-40D4-8FAA-D7D193057339}.Release|Any CPU.Build.0 = Release|Any CPU
		{C8F356B4-FFA1-43BB-AA8F-4914E6780B04}.Debug|Any CPU.ActiveCfg = Debug|Any CPU
		{C8F356B4-FFA1-43BB-AA8F-4914E6780B04}.Debug|Any CPU.Build.0 = Debug|Any CPU
		{C8F356B4-FFA1-43BB-AA8F-4914E6780B04}.Release|Any CPU.ActiveCfg = Release|Any CPU
		{C8F356B4-FFA1-43BB-AA8F-4914E6780B04}.Release|Any CPU.Build.0 = Release|Any CPU
		{59B20812-1F83-40D9-BBEE-C6F1BDC1D1AC}.Debug|Any CPU.ActiveCfg = Debug|Any CPU
		{59B20812-1F83-40D9-BBEE-C6F1BDC1D1AC}.Debug|Any CPU.Build.0 = Debug|Any CPU
		{59B20812-1F83-40D9-BBEE-C6F1BDC1D1AC}.Release|Any CPU.ActiveCfg = Release|Any CPU
		{59B20812-1F83-40D9-BBEE-C6F1BDC1D1AC}.Release|Any CPU.Build.0 = Release|Any CPU
		{4D7EF61B-DC7B-4B1E-8D49-B23CA38ECA0D}.Debug|Any CPU.ActiveCfg = Debug|Any CPU
		{4D7EF61B-DC7B-4B1E-8D49-B23CA38ECA0D}.Debug|Any CPU.Build.0 = Debug|Any CPU
		{4D7EF61B-DC7B-4B1E-8D49-B23CA38ECA0D}.Release|Any CPU.ActiveCfg = Release|Any CPU
		{4D7EF61B-DC7B-4B1E-8D49-B23CA38ECA0D}.Release|Any CPU.Build.0 = Release|Any CPU
		{90504C41-80AB-4BAA-93FE-E04E3C1F938A}.Debug|Any CPU.ActiveCfg = Debug|Any CPU
		{90504C41-80AB-4BAA-93FE-E04E3C1F938A}.Debug|Any CPU.Build.0 = Debug|Any CPU
		{90504C41-80AB-4BAA-93FE-E04E3C1F938A}.Release|Any CPU.ActiveCfg = Release|Any CPU
		{90504C41-80AB-4BAA-93FE-E04E3C1F938A}.Release|Any CPU.Build.0 = Release|Any CPU
		{AE579161-BD6C-4393-A675-FE581185A6E7}.Debug|Any CPU.ActiveCfg = Debug|Any CPU
		{AE579161-BD6C-4393-A675-FE581185A6E7}.Debug|Any CPU.Build.0 = Debug|Any CPU
		{AE579161-BD6C-4393-A675-FE581185A6E7}.Release|Any CPU.ActiveCfg = Release|Any CPU
		{AE579161-BD6C-4393-A675-FE581185A6E7}.Release|Any CPU.Build.0 = Release|Any CPU
		{4B495B5C-980D-496D-B3CD-6AA95AFF4E6E}.Debug|Any CPU.ActiveCfg = Debug|Any CPU
		{4B495B5C-980D-496D-B3CD-6AA95AFF4E6E}.Debug|Any CPU.Build.0 = Debug|Any CPU
		{4B495B5C-980D-496D-B3CD-6AA95AFF4E6E}.Release|Any CPU.ActiveCfg = Release|Any CPU
		{4B495B5C-980D-496D-B3CD-6AA95AFF4E6E}.Release|Any CPU.Build.0 = Release|Any CPU
	EndGlobalSection
	GlobalSection(SolutionProperties) = preSolution
		HideSolutionNode = FALSE
	EndGlobalSection
	GlobalSection(ExtensibilityGlobals) = postSolution
		SolutionGuid = {559F91E2-304E-40D9-B55F-ABC03F1CB44A}
	EndGlobalSection
EndGlobal
